PODS:
  - AFNetworking (3.1.0):
    - AFNetworking/NSURLSession (= 3.1.0)
    - AFNetworking/Reachability (= 3.1.0)
    - AFNetworking/Security (= 3.1.0)
    - AFNetworking/Serialization (= 3.1.0)
    - AFNetworking/UIKit (= 3.1.0)
  - AFNetworking/NSURLSession (3.1.0):
    - AFNetworking/Reachability
    - AFNetworking/Security
    - AFNetworking/Serialization
  - AFNetworking/Reachability (3.1.0)
  - AFNetworking/Security (3.1.0)
  - AFNetworking/Serialization (3.1.0)
  - AFNetworking/UIKit (3.1.0):
    - AFNetworking/NSURLSession
  - DGActivityIndicatorView (2.1.1)
  - ISO8601DateFormatter (0.8)
  - ReactiveObjC (2.1.0)

DEPENDENCIES:
  - AFNetworking (~> 3.0)
  - DGActivityIndicatorView
  - ISO8601DateFormatter
  - ReactiveObjC

SPEC CHECKSUMS:
  AFNetworking: 5e0e199f73d8626b11e79750991f5d173d1f8b67
  DGActivityIndicatorView: ff2c76073d79692f724863c8dd38685866a03cb6
  ISO8601DateFormatter: 4551b6ce4f83185425f583b0b3feb3c7b59b942c
  ReactiveObjC: 2edae120982d8e6d5407503a10edcfdd87eb8639

PODFILE CHECKSUM: 08cd915fe234a0b9fadca49c969a3502b7bc820e

COCOAPODS: 1.1.1
